{
  "name": "learnflow-ai",
  "version": "0.1.0",
  "lockfileVersion": 3,
  "requires": true,
  "packages": {
    "": {
      "name": "learnflow-ai",
      "version": "0.1.0",
      "dependencies": {
        "elkjs": "0.12.0"
      }
    },
    "node_modules/elkjs": {
      "version": "0.12.0",
      "resolved": "https://registry.npmjs.org/elkjs/-/elkjs-0.12.0.tgz",
      "license": "EPL-2.0"
    }
  }
}
